// !$*UTF8*$!
{
	archiveVersion = 1;
	classes = {
	};
	objectVersion = 46;
	objects = {

/* Begin PBXBuildFile section */
		E358B9661DBB068400645807 /* CIImage+CreatQRCode.m in Sources */ = {isa = PBXBuildFile; fileRef = E358B9651DBB068400645807 /* CIImage+CreatQRCode.m */; };
		E358B9691DBB084400645807 /* UIImage+CreatQRCode.m in Sources */ = {isa = PBXBuildFile; fileRef = E358B9681DBB084400645807 /* UIImage+CreatQRCode.m */; };
		E3CE12061DBA54CE00BC7566 /* main.m in Sources */ = {isa = PBXBuildFile; fileRef = E3CE12051DBA54CE00BC7566 /* main.m */; };
		E3CE12091DBA54CE00BC7566 /* AppDelegate.m in Sources */ = {isa = PBXBuildFile; fileRef = E3CE12081DBA54CE00BC7566 /* AppDelegate.m */; };
		E3CE120C1DBA54CE00BC7566 /* ViewController.m in Sources */ = {isa = PBXBuildFile; fileRef = E3CE120B1DBA54CE00BC7566 /* ViewController.m */; };
		E3CE120F1DBA54CE00BC7566 /* Main.storyboard in Resources */ = {isa = PBXBuildFile; fileRef = E3CE120D1DBA54CE00BC7566 /* Main.storyboard */; };
		E3CE12111DBA54CE00BC7566 /* Assets.xcassets in Resources */ = {isa = PBXBuildFile; fileRef = E3CE12101DBA54CE00BC7566 /* Assets.xcassets */; };
		E3CE12141DBA54CE00BC7566 /* LaunchScreen.storyboard in Resources */ = {isa = PBXBuildFile; fileRef = E3CE12121DBA54CE00BC7566 /* LaunchScreen.storyboard */; };
/* End PBXBuildFile section */

/* Begin PBXFileReference section */
		E358B9641DBB068300645807 /* CIImage+CreatQRCode.h */ = {isa = PBXFileReference; fileEncoding = 4; lastKnownFileType = sourcecode.c.h; path = "CIImage+CreatQRCode.h"; sourceTree = "<group>"; };
		E358B9651DBB068400645807 /* CIImage+CreatQRCode.m */ = {isa = PBXFileReference; fileEncoding = 4; lastKnownFileType = sourcecode.c.objc; path = "CIImage+CreatQRCode.m"; sourceTree = "<group>"; };
		E358B9671DBB084400645807 /* UIImage+CreatQRCode.h */ = {isa = PBXFileReference; fileEncoding = 4; lastKnownFileType = sourcecode.c.h; path = "UIImage+CreatQRCode.h"; sourceTree = "<group>"; };
		E358B9681DBB084400645807 /* UIImage+CreatQRCode.m */ = {isa = PBXFileReference; fileEncoding = 4; lastKnownFileType = sourcecode.c.objc; path = "UIImage+CreatQRCode.m"; sourceTree = "<group>"; };
		E3CE12011DBA54CE00BC7566 /* 二维码生成.app */ = {isa = PBXFileReference; explicitFileType = wrapper.application; includeInIndex = 0; path = "二维码生成.app"; sourceTree = BUILT_PRODUCTS_DIR; };
		E3CE12051DBA54CE00BC7566 /* main.m */ = {isa = PBXFileReference; lastKnownFileType = sourcecode.c.objc; path = main.m; sourceTree = "<group>"; };
		E3CE12071DBA54CE00BC7566 /* AppDelegate.h */ = {isa = PBXFileReference; lastKnownFileType = sourcecode.c.h; path = AppDelegate.h; sourceTree = "<group>"; };
		E3CE12081DBA54CE00BC7566 /* AppDelegate.m */ = {isa = PBXFileReference; lastKnownFileType = sourcecode.c.objc; path = AppDelegate.m; sourceTree = "<group>"; };
		E3CE120A1DBA54CE00BC7566 /* ViewController.h */ = {isa = PBXFileReference; lastKnownFileType = sourcecode.c.h; path = ViewController.h; sourceTree = "<group>"; };
		E3CE120B1DBA54CE00BC7566 /* ViewController.m */ = {isa = PBXFileReference; lastKnownFileType = sourcecode.c.objc; path = ViewController.m; sourceTree = "<group>"; };
		E3CE120E1DBA54CE00BC7566 /* Base */ = {isa = PBXFileReference; lastKnownFileType = file.storyboard; name = Base; path = Base.lproj/Main.storyboard; sourceTree = "<group>"; };
		E3CE12101DBA54CE00BC7566 /* Assets.xcassets */ = {isa = PBXFileReference; lastKnownFileType = folder.assetcatalog; path = Assets.xcassets; sourceTree = "<group>"; };
		E3CE12131DBA54CE00BC7566 /* Base */ = {isa = PBXFileReference; lastKnownFileType = file.storyboard; name = Base; path = Base.lproj/LaunchScreen.storyboard; sourceTree = "<group>"; };
		E3CE12151DBA54CE00BC7566 /* Info.plist */ = {isa = PBXFileReference; lastKnownFileType = text.plist.xml; path = Info.plist; sourceTree = "<group>"; };
/* End PBXFileReference section */

/* Begin PBXFrameworksBuildPhase section */
		E3CE11FE1DBA54CE00BC7566 /* Frameworks */ = {
			isa = PBXFrameworksBuildPhase;
			buildActionMask = 2147483647;
			files = (
			);
			runOnlyForDeploymentPostprocessing = 0;
		};
/* End PBXFrameworksBuildPhase section */

/* Begin PBXGroup section */
		E3CE11F81DBA54CD00BC7566 = {
			isa = PBXGroup;
			children = (
				E3CE12031DBA54CE00BC7566 /* 二维码生成 */,
				E3CE12021DBA54CE00BC7566 /* Products */,
			);
			sourceTree = "<group>";
		};
		E3CE12021DBA54CE00BC7566 /* Products */ = {
			isa = PBXGroup;
			children = (
				E3CE12011DBA54CE00BC7566 /* 二维码生成.app */,
			);
			name = Products;
			sourceTree = "<group>";
		};
		E3CE12031DBA54CE00BC7566 /* 二维码生成 */ = {
			isa = PBXGroup;
			children = (
				E3CE12071DBA54CE00BC7566 /* AppDelegate.h */,
				E3CE12081DBA54CE00BC7566 /* AppDelegate.m */,
				E3CE120A1DBA54CE00BC7566 /* ViewController.h */,
				E3CE120B1DBA54CE00BC7566 /* ViewController.m */,
				E3CE120D1DBA54CE00BC7566 /* Main.storyboard */,
				E3CE12101DBA54CE00BC7566 /* Assets.xcassets */,
				E3CE12121DBA54CE00BC7566 /* LaunchScreen.storyboard */,
				E3CE12151DBA54CE00BC7566 /* Info.plist */,
				E3CE12041DBA54CE00BC7566 /* Supporting Files */,
				E358B9641DBB068300645807 /* CIImage+CreatQRCode.h */,
				E358B9651DBB068400645807 /* CIImage+CreatQRCode.m */,
				E358B9671DBB084400645807 /* UIImage+CreatQRCode.h */,
				E358B9681DBB084400645807 /* UIImage+CreatQRCode.m */,
			);
			path = "二维码生成";
			sourceTree = "<group>";
		};
		E3CE12041DBA54CE00BC7566 /* Supporting Files */ = {
			isa = PBXGroup;
			children = (
				E3CE12051DBA54CE00BC7566 /* main.m */,
			);
			name = "Supporting Files";
			sourceTree = "<group>";
		};
/* End PBXGroup section */

/* Begin PBXNativeTarget section */
		E3CE12001DBA54CE00BC7566 /* 二维码生成 */ = {
			isa = PBXNativeTarget;
			buildConfigurationList = E3CE12181DBA54CE00BC7566 /* Build configuration list for PBXNativeTarget "二维码生成" */;
			buildPhases = (
				E3CE11FD1DBA54CE00BC7566 /* Sources */,
				E3CE11FE1DBA54CE00BC7566 /* Frameworks */,
				E3CE11FF1DBA54CE00BC7566 /* Resources */,
			);
			buildRules = (
			);
			dependencies = (
			);
			name = "二维码生成";
			productName = "二维码生成";
			productReference = E3CE12011DBA54CE00BC7566 /* 二维码生成.app */;
			productType = "com.apple.product-type.application";
		};
/* End PBXNativeTarget section */

/* Begin PBXProject section */
		E3CE11F91DBA54CE00BC7566 /* Project object */ = {
			isa = PBXProject;
			attributes = {
				LastUpgradeCheck = 0800;
				ORGANIZATIONNAME = xujingkai;
				TargetAttributes = {
					E3CE12001DBA54CE00BC7566 = {
						CreatedOnToolsVersion = 8.0;
						DevelopmentTeam = RQY7GAJF7E;
						ProvisioningStyle = Automatic;
					};
				};
			};
			buildConfigurationList = E3CE11FC1DBA54CE00BC7566 /* Build configuration list for PBXProject "二维码生成" */;
			compatibilityVersion = "Xcode 3.2";
			developmentRegion = English;
			hasScannedForEncodings = 0;
			knownRegions = (
				en,
				Base,
			);
			mainGroup = E3CE11F81DBA54CD00BC7566;
			productRefGroup = E3CE12021DBA54CE00BC7566 /* Products */;
			projectDirPath = "";
			projectRoot = "";
			targets = (
				E3CE12001DBA54CE00BC7566 /* 二维码生成 */,
			);
		};
/* End PBXProject section */

/* Begin PBXResourcesBuildPhase section */
		E3CE11FF1DBA54CE00BC7566 /* Resources */ = {
			isa = PBXResourcesBuildPhase;
			buildActionMask = 2147483647;
			files = (
				E3CE12141DBA54CE00BC7566 /* LaunchScreen.storyboard in Resources */,
				E3CE12111DBA54CE00BC7566 /* Assets.xcassets in Resources */,
				E3CE120F1DBA54CE00BC7566 /* Main.storyboard in Resources */,
			);
			runOnlyForDeploymentPostprocessing = 0;
		};
/* End PBXResourcesBuildPhase section */

/* Begin PBXSourcesBuildPhase section */
		E3CE11FD1DBA54CE00BC7566 /* Sources */ = {
			isa = PBXSourcesBuildPhase;
			buildActionMask = 2147483647;
			files = (
				E3CE120C1DBA54CE00BC7566 /* ViewController.m in Sources */,
				E3CE12091DBA54CE00BC7566 /* AppDelegate.m in Sources */,
				E3CE12061DBA54CE00BC7566 /* main.m in Sources */,
				E358B9691DBB084400645807 /* UIImage+CreatQRCode.m in Sources */,
				E358B9661DBB068400645807 /* CIImage+CreatQRCode.m in Sources */,
			);
			runOnlyForDeploymentPostprocessing = 0;
		};
/* End PBXSourcesBuildPhase section */

/* Begin PBXVariantGroup section */
		E3CE120D1DBA54CE00BC7566 /* Main.storyboard */ = {
			isa = PBXVariantGroup;
			children = (
				E3CE120E1DBA54CE00BC7566 /* Base */,
			);
			name = Main.storyboard;
			sourceTree = "<group>";
		};
		E3CE12121DBA54CE00BC7566 /* LaunchScreen.storyboard */ = {
			isa = PBXVariantGroup;
			children = (
				E3CE12131DBA54CE00BC7566 /* Base */,
			);
			name = LaunchScreen.storyboard;
			sourceTree = "<group>";
		};
/* End PBXVariantGroup section */

/* Begin XCBuildConfiguration section */
		E3CE12161DBA54CE00BC7566 /* Debug */ = {
			isa = XCBuildConfiguration;
			buildSettings = {
				ALWAYS_SEARCH_USER_PATHS = NO;
				CLANG_ANALYZER_NONNULL = YES;
				CLANG_CXX_LANGUAGE_STANDARD = "gnu++0x";
				CLANG_CXX_LIBRARY = "libc++";
				CLANG_ENABLE_MODULES = YES;
				CLANG_ENABLE_OBJC_ARC = YES;
				CLANG_WARN_BOOL_CONVERSION = YES;
				CLANG_WARN_CONSTANT_CONVERSION = YES;
				CLANG_WARN_DIRECT_OBJC_ISA_USAGE = YES_ERROR;
				CLANG_WARN_DOCUMENTATION_COMMENTS = YES;
				CLANG_WARN_EMPTY_BODY = YES;
				CLANG_WARN_ENUM_CONVERSION = YES;
				CLANG_WARN_INFINITE_RECURSION = YES;
				CLANG_WARN_INT_CONVERSION = YES;
				CLANG_WARN_OBJC_ROOT_CLASS = YES_ERROR;
				CLANG_WARN_SUSPICIOUS_MOVES = YES;
				CLANG_WARN_UNREACHABLE_CODE = YES;
				CLANG_WARN__DUPLICATE_METHOD_MATCH = YES;
				"CODE_SIGN_IDENTITY[sdk=iphoneos*]" = "iPhone Developer";
				COPY_PHASE_STRIP = NO;
				DEBUG_INFORMATION_FORMAT = dwarf;
				ENABLE_STRICT_OBJC_MSGSEND = YES;
				ENABLE_TESTABILITY = YES;
				GCC_C_LANGUAGE_STANDARD = gnu99;
				GCC_DYNAMIC_NO_PIC = NO;
				GCC_NO_COMMON_BLOCKS = YES;
				GCC_OPTIMIZATION_LEVEL = 0;
				GCC_PREPROCESSOR_DEFINITIONS = (
					"DEBUG=1",
					"$(inherited)",
				);
				GCC_WARN_64_TO_32_BIT_CONVERSION = YES;
				GCC_WARN_ABOUT_RETURN_TYPE = YES_ERROR;
				GCC_WARN_UNDECLARED_SELECTOR = YES;
				GCC_WARN_UNINITIALIZED_AUTOS = YES_AGGRESSIVE;
				GCC_WARN_UNUSED_FUNCTION = YES;
				GCC_WARN_UNUSED_VARIABLE = YES;
				IPHONEOS_DEPLOYMENT_TARGET = 10.0;
				MTL_ENABLE_DEBUG_INFO = YES;
				ONLY_ACTIVE_ARCH = YES;
				SDKROOT = iphoneos;
			};
			name = Debug;
		};
		E3CE12171DBA54CE00BC7566 /* Release */ = {
			isa = XCBuildConfiguration;
			buildSettings = {
				ALWAYS_SEARCH_USER_PATHS = NO;
				CLANG_ANALYZER_NONNULL = YES;
				CLANG_CXX_LANGUAGE_STANDARD = "gnu++0x";
				CLANG_CXX_LIBRARY = "libc++";
				CLANG_ENABLE_MODULES = YES;
				CLANG_ENABLE_OBJC_ARC = YES;
				CLANG_WARN_BOOL_CONVERSION = YES;
				CLANG_WARN_CONSTANT_CONVERSION = YES;
				CLANG_WARN_DIRECT_OBJC_ISA_USAGE = YES_ERROR;
				CLANG_WARN_DOCUMENTATION_COMMENTS = YES;
				CLANG_WARN_EMPTY_BODY = YES;
				CLANG_WARN_ENUM_CONVERSION = YES;
				CLANG_WARN_INFINITE_RECURSION = YES;
				CLANG_WARN_INT_CONVERSION = YES;
				CLANG_WARN_OBJC_ROOT_CLASS = YES_ERROR;
				CLANG_WARN_SUSPICIOUS_MOVES = YES;
				CLANG_WARN_UNREACHABLE_CODE = YES;
				CLANG_WARN__DUPLICATE_METHOD_MATCH = YES;
				"CODE_SIGN_IDENTITY[sdk=iphoneos*]" = "iPhone Developer";
				COPY_PHASE_STRIP = NO;
				DEBUG_INFORMATION_FORMAT = "dwarf-with-dsym";
				ENABLE_NS_ASSERTIONS = NO;
				ENABLE_STRICT_OBJC_MSGSEND = YES;
				GCC_C_LANGUAGE_STANDARD = gnu99;
				GCC_NO_COMMON_BLOCKS = YES;
				GCC_WARN_64_TO_32_BIT_CONVERSION = YES;
				GCC_WARN_ABOUT_RETURN_TYPE = YES_ERROR;
				GCC_WARN_UNDECLARED_SELECTOR = YES;
				GCC_WARN_UNINITIALIZED_AUTOS = YES_AGGRESSIVE;
				GCC_WARN_UNUSED_FUNCTION = YES;
				GCC_WARN_UNUSED_VARIABLE = YES;
				IPHONEOS_DEPLOYMENT_TARGET = 10.0;
				MTL_ENABLE_DEBUG_INFO = NO;
				SDKROOT = iphoneos;
				VALIDATE_PRODUCT = YES;
			};
			name = Release;
		};
		E3CE12191DBA54CE00BC7566 /* Debug */ = {
			isa = XCBuildConfiguration;
			buildSettings = {
				ASSETCATALOG_COMPILER_APPICON_NAME = AppIcon;
				DEVELOPMENT_TEAM = RQY7GAJF7E;
				INFOPLIST_FILE = "二维码生成/Info.plist";
				LD_RUNPATH_SEARCH_PATHS = "$(inherited) @executable_path/Frameworks";
				PRODUCT_BUNDLE_IDENTIFIER = "com.xujingkai.-cool.-----";
				PRODUCT_NAME = "$(TARGET_NAME)";
			};
			name = Debug;
		};
		E3CE121A1DBA54CE00BC7566 /* Release */ = {
			isa = XCBuildConfiguration;
			buildSettings = {
				ASSETCATALOG_COMPILER_APPICON_NAME = AppIcon;
				DEVELOPMENT_TEAM = RQY7GAJF7E;
				INFOPLIST_FILE = "二维码生成/Info.plist";
				LD_RUNPATH_SEARCH_PATHS = "$(inherited) @executable_path/Frameworks";
				PRODUCT_BUNDLE_IDENTIFIER = "com.xujingkai.-cool.-----";
				PRODUCT_NAME = "$(TARGET_NAME)";
			};
			name = Release;
		};
/* End XCBuildConfiguration section */

/* Begin XCConfigurationList section */
		E3CE11FC1DBA54CE00BC7566 /* Build configuration list for PBXProject "二维码生成" */ = {
			isa = XCConfigurationList;
			buildConfigurations = (
				E3CE12161DBA54CE00BC7566 /* Debug */,
				E3CE12171DBA54CE00BC7566 /* Release */,
			);
			defaultConfigurationIsVisible = 0;
			defaultConfigurationName = Release;
		};
		E3CE12181DBA54CE00BC7566 /* Build configuration list for PBXNativeTarget "二维码生成" */ = {
			isa = XCConfigurationList;
			buildConfigurations = (
				E3CE12191DBA54CE00BC7566 /* Debug */,
				E3CE121A1DBA54CE00BC7566 /* Release */,
			);
			defaultConfigurationIsVisible = 0;
			defaultConfigurationName = Release;
		};
/* End XCConfigurationList section */
	};
	rootObject = E3CE11F91DBA54CE00BC7566 /* Project object */;
}
